
Microsoft Visual Studio Solution File, Format Version 10.00
# Visual Studio 2008
Project("{8BC9CEB8-8B4A-11D0-8D11-00A0C91BC942}") = "SimulationEnginePrototype", "SimulationEnginePrototype.vcproj", "{01EA498F-06C1-4F67-8B98-E1105F9311A2}"
EndProject
Global
	GlobalSection(SolutionConfigurationPlatforms) = preSolution
		Debug|Win32 = Debug|Win32
		Release|Win32 = Release|Win32
		test|Win32 = test|Win32
	EndGlobalSection
	GlobalSection(ProjectConfigurationPlatforms) = postSolution
		{01EA498F-06C1-4F67-8B98-E1105F9311A2}.Debug|Win32.ActiveCfg = Debug|Win32
		{01EA498F-06C1-4F67-8B98-E1105F9311A2}.Debug|Win32.Build.0 = Debug|Win32
		{01EA498F-06C1-4F67-8B98-E1105F9311A2}.Release|Win32.ActiveCfg = Release|Win32
		{01EA498F-06C1-4F67-8B98-E1105F9311A2}.Release|Win32.Build.0 = Release|Win32
		{01EA498F-06C1-4F67-8B98-E1105F9311A2}.test|Win32.ActiveCfg = test|Win32
		{01EA498F-06C1-4F67-8B98-E1105F9311A2}.test|Win32.Build.0 = test|Win32
	EndGlobalSection
	GlobalSection(SolutionProperties) = preSolution
		HideSolutionNode = FALSE
	EndGlobalSection
EndGlobal
